
Microsoft Visual Studio Solution File, Format Version 12.00
# Visual Studio Version 17
VisualStudioVersion = 17.3.32819.101
MinimumVisualStudioVersion = 10.0.40219.1
Project("{2150E333-8FDC-42A3-9474-1A3956D46DE8}") = "src", "src", "{07EDF973-7E47-450D-91B6-F794C629F9E1}"
EndProject
Project("{2150E333-8FDC-42A3-9474-1A3956D46DE8}") = "API", "API", "{5DF68A0E-726A-44FA-A99C-13F4730AF717}"
EndProject
Project("{2150E333-8FDC-42A3-9474-1A3956D46DE8}") = "Core", "Core", "{E7E67575-0D49-4980-A3B0-F3FDA79B92C4}"
EndProject
Project("{2150E333-8FDC-42A3-9474-1A3956D46DE8}") = "Infraestructure", "Infraestructure", "{1B8C7950-B19C-4D29-8F2D-E669D12380F5}"
EndProject
Project("{2150E333-8FDC-42A3-9474-1A3956D46DE8}") = "test", "test", "{74080D69-9133-47BD-8A75-0C137B0B6B65}"
EndProject
Project("{2150E333-8FDC-42A3-9474-1A3956D46DE8}") = "UI", "UI", "{0C4B3BE5-9268-4B4E-8E25-DC8BF3B56BF6}"
EndProject
Project("{FAE04EC0-301F-11D3-BF4B-00C04F79EFBC}") = "Domain", "Domain\Domain.csproj", "{88F7D00B-0305-4D28-9F0C-9E87C27441B8}"
EndProject
Project("{FAE04EC0-301F-11D3-BF4B-00C04F79EFBC}") = "Application", "Application\Application.csproj", "{E8B5EAC1-B63C-4B89-8667-C3F974751796}"
EndProject
Global
	GlobalSection(SolutionConfigurationPlatforms) = preSolution
		Debug|Any CPU = Debug|Any CPU
		Release|Any CPU = Release|Any CPU
	EndGlobalSection
	GlobalSection(ProjectConfigurationPlatforms) = postSolution
		{88F7D00B-0305-4D28-9F0C-9E87C27441B8}.Debug|Any CPU.ActiveCfg = Debug|Any CPU
		{88F7D00B-0305-4D28-9F0C-9E87C27441B8}.Debug|Any CPU.Build.0 = Debug|Any CPU
		{88F7D00B-0305-4D28-9F0C-9E87C27441B8}.Release|Any CPU.ActiveCfg = Release|Any CPU
		{88F7D00B-0305-4D28-9F0C-9E87C27441B8}.Release|Any CPU.Build.0 = Release|Any CPU
		{E8B5EAC1-B63C-4B89-8667-C3F974751796}.Debug|Any CPU.ActiveCfg = Debug|Any CPU
		{E8B5EAC1-B63C-4B89-8667-C3F974751796}.Debug|Any CPU.Build.0 = Debug|Any CPU
		{E8B5EAC1-B63C-4B89-8667-C3F974751796}.Release|Any CPU.ActiveCfg = Release|Any CPU
		{E8B5EAC1-B63C-4B89-8667-C3F974751796}.Release|Any CPU.Build.0 = Release|Any CPU
	EndGlobalSection
	GlobalSection(SolutionProperties) = preSolution
		HideSolutionNode = FALSE
	EndGlobalSection
	GlobalSection(NestedProjects) = preSolution
		{5DF68A0E-726A-44FA-A99C-13F4730AF717} = {07EDF973-7E47-450D-91B6-F794C629F9E1}
		{E7E67575-0D49-4980-A3B0-F3FDA79B92C4} = {07EDF973-7E47-450D-91B6-F794C629F9E1}
		{1B8C7950-B19C-4D29-8F2D-E669D12380F5} = {07EDF973-7E47-450D-91B6-F794C629F9E1}
		{0C4B3BE5-9268-4B4E-8E25-DC8BF3B56BF6} = {07EDF973-7E47-450D-91B6-F794C629F9E1}
		{88F7D00B-0305-4D28-9F0C-9E87C27441B8} = {E7E67575-0D49-4980-A3B0-F3FDA79B92C4}
		{E8B5EAC1-B63C-4B89-8667-C3F974751796} = {E7E67575-0D49-4980-A3B0-F3FDA79B92C4}
	EndGlobalSection
	GlobalSection(ExtensibilityGlobals) = postSolution
		SolutionGuid = {4B7E3047-F7CD-4469-ABEA-2491819A4E67}
	EndGlobalSection
EndGlobal
